// !$*UTF8*$!
{
	archiveVersion = 1;
	classes = {
	};
	objectVersion = 48;
	objects = {

/* Begin PBXBuildFile section */
		40045D6523434E940091FF44 /* AppDelegate.swift in Sources */ = {isa = PBXBuildFile; fileRef = 40045D6423434E940091FF44 /* AppDelegate.swift */; };
		40045D6723434E940091FF44 /* ViewController.swift in Sources */ = {isa = PBXBuildFile; fileRef = 40045D6623434E940091FF44 /* ViewController.swift */; };
		40045D6A23434E940091FF44 /* Main.storyboard in Resources */ = {isa = PBXBuildFile; fileRef = 40045D6823434E940091FF44 /* Main.storyboard */; };
		40045D6C23434E940091FF44 /* Assets.xcassets in Resources */ = {isa = PBXBuildFile; fileRef = 40045D6B23434E940091FF44 /* Assets.xcassets */; };
		40045D6F23434E940091FF44 /* LaunchScreen.storyboard in Resources */ = {isa = PBXBuildFile; fileRef = 40045D6D23434E940091FF44 /* LaunchScreen.storyboard */; };
		40045D7A23434E940091FF44 /* lab3Tests.swift in Sources */ = {isa = PBXBuildFile; fileRef = 40045D7923434E940091FF44 /* lab3Tests.swift */; };
		40045D8523434E940091FF44 /* lab3UITests.swift in Sources */ = {isa = PBXBuildFile; fileRef = 40045D8423434E940091FF44 /* lab3UITests.swift */; };
		40045D93234356220091FF44 /* LoginViewController.swift in Sources */ = {isa = PBXBuildFile; fileRef = 40045D92234356220091FF44 /* LoginViewController.swift */; };
		40045D952343567B0091FF44 /* RegisterViewController.swift in Sources */ = {isa = PBXBuildFile; fileRef = 40045D942343567B0091FF44 /* RegisterViewController.swift */; };
		40045D9723435D510091FF44 /* AfterloginViewController.swift in Sources */ = {isa = PBXBuildFile; fileRef = 40045D9623435D510091FF44 /* AfterloginViewController.swift */; };
/* End PBXBuildFile section */

/* Begin PBXContainerItemProxy section */
		40045D7623434E940091FF44 /* PBXContainerItemProxy */ = {
			isa = PBXContainerItemProxy;
			containerPortal = 40045D5923434E930091FF44 /* Project object */;
			proxyType = 1;
			remoteGlobalIDString = 40045D6023434E930091FF44;
			remoteInfo = lab3;
		};
		40045D8123434E940091FF44 /* PBXContainerItemProxy */ = {
			isa = PBXContainerItemProxy;
			containerPortal = 40045D5923434E930091FF44 /* Project object */;
			proxyType = 1;
			remoteGlobalIDString = 40045D6023434E930091FF44;
			remoteInfo = lab3;
		};
/* End PBXContainerItemProxy section */

/* Begin PBXFileReference section */
		40045D6123434E930091FF44 /* lab3.app */ = {isa = PBXFileReference; explicitFileType = wrapper.application; includeInIndex = 0; path = lab3.app; sourceTree = BUILT_PRODUCTS_DIR; };
		40045D6423434E940091FF44 /* AppDelegate.swift */ = {isa = PBXFileReference; lastKnownFileType = sourcecode.swift; path = AppDelegate.swift; sourceTree = "<group>"; };
		40045D6623434E940091FF44 /* ViewController.swift */ = {isa = PBXFileReference; lastKnownFileType = sourcecode.swift; path = ViewController.swift; sourceTree = "<group>"; };
		40045D6923434E940091FF44 /* Base */ = {isa = PBXFileReference; lastKnownFileType = file.storyboard; name = Base; path = Base.lproj/Main.storyboard; sourceTree = "<group>"; };
		40045D6B23434E940091FF44 /* Assets.xcassets */ = {isa = PBXFileReference; lastKnownFileType = folder.assetcatalog; path = Assets.xcassets; sourceTree = "<group>"; };
		40045D6E23434E940091FF44 /* Base */ = {isa = PBXFileReference; lastKnownFileType = file.storyboard; name = Base; path = Base.lproj/LaunchScreen.storyboard; sourceTree = "<group>"; };
		40045D7023434E940091FF44 /* Info.plist */ = {isa = PBXFileReference; lastKnownFileType = text.plist.xml; path = Info.plist; sourceTree = "<group>"; };
		40045D7523434E940091FF44 /* lab3Tests.xctest */ = {isa = PBXFileReference; explicitFileType = wrapper.cfbundle; includeInIndex = 0; path = lab3Tests.xctest; sourceTree = BUILT_PRODUCTS_DIR; };
		40045D7923434E940091FF44 /* lab3Tests.swift */ = {isa = PBXFileReference; lastKnownFileType = sourcecode.swift; path = lab3Tests.swift; sourceTree = "<group>"; };
		40045D7B23434E940091FF44 /* Info.plist */ = {isa = PBXFileReference; lastKnownFileType = text.plist.xml; path = Info.plist; sourceTree = "<group>"; };
		40045D8023434E940091FF44 /* lab3UITests.xctest */ = {isa = PBXFileReference; explicitFileType = wrapper.cfbundle; includeInIndex = 0; path = lab3UITests.xctest; sourceTree = BUILT_PRODUCTS_DIR; };
		40045D8423434E940091FF44 /* lab3UITests.swift */ = {isa = PBXFileReference; lastKnownFileType = sourcecode.swift; path = lab3UITests.swift; sourceTree = "<group>"; };
		40045D8623434E940091FF44 /* Info.plist */ = {isa = PBXFileReference; lastKnownFileType = text.plist.xml; path = Info.plist; sourceTree = "<group>"; };
		40045D92234356220091FF44 /* LoginViewController.swift */ = {isa = PBXFileReference; lastKnownFileType = sourcecode.swift; path = LoginViewController.swift; sourceTree = "<group>"; };
		40045D942343567B0091FF44 /* RegisterViewController.swift */ = {isa = PBXFileReference; lastKnownFileType = sourcecode.swift; path = RegisterViewController.swift; sourceTree = "<group>"; };
		40045D9623435D510091FF44 /* AfterloginViewController.swift */ = {isa = PBXFileReference; lastKnownFileType = sourcecode.swift; path = AfterloginViewController.swift; sourceTree = "<group>"; };
/* End PBXFileReference section */

/* Begin PBXFrameworksBuildPhase section */
		40045D5E23434E930091FF44 /* Frameworks */ = {
			isa = PBXFrameworksBuildPhase;
			buildActionMask = 2147483647;
			files = (
			);
			runOnlyForDeploymentPostprocessing = 0;
		};
		40045D7223434E940091FF44 /* Frameworks */ = {
			isa = PBXFrameworksBuildPhase;
			buildActionMask = 2147483647;
			files = (
			);
			runOnlyForDeploymentPostprocessing = 0;
		};
		40045D7D23434E940091FF44 /* Frameworks */ = {
			isa = PBXFrameworksBuildPhase;
			buildActionMask = 2147483647;
			files = (
			);
			runOnlyForDeploymentPostprocessing = 0;
		};
/* End PBXFrameworksBuildPhase section */

/* Begin PBXGroup section */
		40045D5823434E930091FF44 = {
			isa = PBXGroup;
			children = (
				40045D6323434E930091FF44 /* lab3 */,
				40045D7823434E940091FF44 /* lab3Tests */,
				40045D8323434E940091FF44 /* lab3UITests */,
				40045D6223434E930091FF44 /* Products */,
			);
			sourceTree = "<group>";
		};
		40045D6223434E930091FF44 /* Products */ = {
			isa = PBXGroup;
			children = (
				40045D6123434E930091FF44 /* lab3.app */,
				40045D7523434E940091FF44 /* lab3Tests.xctest */,
				40045D8023434E940091FF44 /* lab3UITests.xctest */,
			);
			name = Products;
			sourceTree = "<group>";
		};
		40045D6323434E930091FF44 /* lab3 */ = {
			isa = PBXGroup;
			children = (
				40045D6423434E940091FF44 /* AppDelegate.swift */,
				40045D6623434E940091FF44 /* ViewController.swift */,
				40045D6823434E940091FF44 /* Main.storyboard */,
				40045D6B23434E940091FF44 /* Assets.xcassets */,
				40045D6D23434E940091FF44 /* LaunchScreen.storyboard */,
				40045D7023434E940091FF44 /* Info.plist */,
				40045D92234356220091FF44 /* LoginViewController.swift */,
				40045D942343567B0091FF44 /* RegisterViewController.swift */,
				40045D9623435D510091FF44 /* AfterloginViewController.swift */,
			);
			path = lab3;
			sourceTree = "<group>";
		};
		40045D7823434E940091FF44 /* lab3Tests */ = {
			isa = PBXGroup;
			children = (
				40045D7923434E940091FF44 /* lab3Tests.swift */,
				40045D7B23434E940091FF44 /* Info.plist */,
			);
			path = lab3Tests;
			sourceTree = "<group>";
		};
		40045D8323434E940091FF44 /* lab3UITests */ = {
			isa = PBXGroup;
			children = (
				40045D8423434E940091FF44 /* lab3UITests.swift */,
				40045D8623434E940091FF44 /* Info.plist */,
			);
			path = lab3UITests;
			sourceTree = "<group>";
		};
/* End PBXGroup section */

/* Begin PBXNativeTarget section */
		40045D6023434E930091FF44 /* lab3 */ = {
			isa = PBXNativeTarget;
			buildConfigurationList = 40045D8923434E940091FF44 /* Build configuration list for PBXNativeTarget "lab3" */;
			buildPhases = (
				40045D5D23434E930091FF44 /* Sources */,
				40045D5E23434E930091FF44 /* Frameworks */,
				40045D5F23434E930091FF44 /* Resources */,
			);
			buildRules = (
			);
			dependencies = (
			);
			name = lab3;
			productName = lab3;
			productReference = 40045D6123434E930091FF44 /* lab3.app */;
			productType = "com.apple.product-type.application";
		};
		40045D7423434E940091FF44 /* lab3Tests */ = {
			isa = PBXNativeTarget;
			buildConfigurationList = 40045D8C23434E940091FF44 /* Build configuration list for PBXNativeTarget "lab3Tests" */;
			buildPhases = (
				40045D7123434E940091FF44 /* Sources */,
				40045D7223434E940091FF44 /* Frameworks */,
				40045D7323434E940091FF44 /* Resources */,
			);
			buildRules = (
			);
			dependencies = (
				40045D7723434E940091FF44 /* PBXTargetDependency */,
			);
			name = lab3Tests;
			productName = lab3Tests;
			productReference = 40045D7523434E940091FF44 /* lab3Tests.xctest */;
			productType = "com.apple.product-type.bundle.unit-test";
		};
		40045D7F23434E940091FF44 /* lab3UITests */ = {
			isa = PBXNativeTarget;
			buildConfigurationList = 40045D8F23434E940091FF44 /* Build configuration list for PBXNativeTarget "lab3UITests" */;
			buildPhases = (
				40045D7C23434E940091FF44 /* Sources */,
				40045D7D23434E940091FF44 /* Frameworks */,
				40045D7E23434E940091FF44 /* Resources */,
			);
			buildRules = (
			);
			dependencies = (
				40045D8223434E940091FF44 /* PBXTargetDependency */,
			);
			name = lab3UITests;
			productName = lab3UITests;
			productReference = 40045D8023434E940091FF44 /* lab3UITests.xctest */;
			productType = "com.apple.product-type.bundle.ui-testing";
		};
/* End PBXNativeTarget section */

/* Begin PBXProject section */
		40045D5923434E930091FF44 /* Project object */ = {
			isa = PBXProject;
			attributes = {
				LastSwiftUpdateCheck = 0920;
				LastUpgradeCheck = 0920;
				ORGANIZATIONNAME = kuet;
				TargetAttributes = {
					40045D6023434E930091FF44 = {
						CreatedOnToolsVersion = 9.2;
						ProvisioningStyle = Automatic;
					};
					40045D7423434E940091FF44 = {
						CreatedOnToolsVersion = 9.2;
						ProvisioningStyle = Automatic;
						TestTargetID = 40045D6023434E930091FF44;
					};
					40045D7F23434E940091FF44 = {
						CreatedOnToolsVersion = 9.2;
						ProvisioningStyle = Automatic;
						TestTargetID = 40045D6023434E930091FF44;
					};
				};
			};
			buildConfigurationList = 40045D5C23434E930091FF44 /* Build configuration list for PBXProject "lab3" */;
			compatibilityVersion = "Xcode 8.0";
			developmentRegion = en;
			hasScannedForEncodings = 0;
			knownRegions = (
				en,
				Base,
			);
			mainGroup = 40045D5823434E930091FF44;
			productRefGroup = 40045D6223434E930091FF44 /* Products */;
			projectDirPath = "";
			projectRoot = "";
			targets = (
				40045D6023434E930091FF44 /* lab3 */,
				40045D7423434E940091FF44 /* lab3Tests */,
				40045D7F23434E940091FF44 /* lab3UITests */,
			);
		};
/* End PBXProject section */

/* Begin PBXResourcesBuildPhase section */
		40045D5F23434E930091FF44 /* Resources */ = {
			isa = PBXResourcesBuildPhase;
			buildActionMask = 2147483647;
			files = (
				40045D6F23434E940091FF44 /* LaunchScreen.storyboard in Resources */,
				40045D6C23434E940091FF44 /* Assets.xcassets in Resources */,
				40045D6A23434E940091FF44 /* Main.storyboard in Resources */,
			);
			runOnlyForDeploymentPostprocessing = 0;
		};
		40045D7323434E940091FF44 /* Resources */ = {
			isa = PBXResourcesBuildPhase;
			buildActionMask = 2147483647;
			files = (
			);
			runOnlyForDeploymentPostprocessing = 0;
		};
		40045D7E23434E940091FF44 /* Resources */ = {
			isa = PBXResourcesBuildPhase;
			buildActionMask = 2147483647;
			files = (
			);
			runOnlyForDeploymentPostprocessing = 0;
		};
/* End PBXResourcesBuildPhase section */

/* Begin PBXSourcesBuildPhase section */
		40045D5D23434E930091FF44 /* Sources */ = {
			isa = PBXSourcesBuildPhase;
			buildActionMask = 2147483647;
			files = (
				40045D93234356220091FF44 /* LoginViewController.swift in Sources */,
				40045D9723435D510091FF44 /* AfterloginViewController.swift in Sources */,
				40045D6723434E940091FF44 /* ViewController.swift in Sources */,
				40045D6523434E940091FF44 /* AppDelegate.swift in Sources */,
				40045D952343567B0091FF44 /* RegisterViewController.swift in Sources */,
			);
			runOnlyForDeploymentPostprocessing = 0;
		};
		40045D7123434E940091FF44 /* Sources */ = {
			isa = PBXSourcesBuildPhase;
			buildActionMask = 2147483647;
			files = (
				40045D7A23434E940091FF44 /* lab3Tests.swift in Sources */,
			);
			runOnlyForDeploymentPostprocessing = 0;
		};
		40045D7C23434E940091FF44 /* Sources */ = {
			isa = PBXSourcesBuildPhase;
			buildActionMask = 2147483647;
			files = (
				40045D8523434E940091FF44 /* lab3UITests.swift in Sources */,
			);
			runOnlyForDeploymentPostprocessing = 0;
		};
/* End PBXSourcesBuildPhase section */

/* Begin PBXTargetDependency section */
		40045D7723434E940091FF44 /* PBXTargetDependency */ = {
			isa = PBXTargetDependency;
			target = 40045D6023434E930091FF44 /* lab3 */;
			targetProxy = 40045D7623434E940091FF44 /* PBXContainerItemProxy */;
		};
		40045D8223434E940091FF44 /* PBXTargetDependency */ = {
			isa = PBXTargetDependency;
			target = 40045D6023434E930091FF44 /* lab3 */;
			targetProxy = 40045D8123434E940091FF44 /* PBXContainerItemProxy */;
		};
/* End PBXTargetDependency section */

/* Begin PBXVariantGroup section */
		40045D6823434E940091FF44 /* Main.storyboard */ = {
			isa = PBXVariantGroup;
			children = (
				40045D6923434E940091FF44 /* Base */,
			);
			name = Main.storyboard;
			sourceTree = "<group>";
		};
		40045D6D23434E940091FF44 /* LaunchScreen.storyboard */ = {
			isa = PBXVariantGroup;
			children = (
				40045D6E23434E940091FF44 /* Base */,
			);
			name = LaunchScreen.storyboard;
			sourceTree = "<group>";
		};
/* End PBXVariantGroup section */

/* Begin XCBuildConfiguration section */
		40045D8723434E940091FF44 /* Debug */ = {
			isa = XCBuildConfiguration;
			buildSettings = {
				ALWAYS_SEARCH_USER_PATHS = NO;
				CLANG_ANALYZER_NONNULL = YES;
				CLANG_ANALYZER_NUMBER_OBJECT_CONVERSION = YES_AGGRESSIVE;
				CLANG_CXX_LANGUAGE_STANDARD = "gnu++14";
				CLANG_CXX_LIBRARY = "libc++";
				CLANG_ENABLE_MODULES = YES;
				CLANG_ENABLE_OBJC_ARC = YES;
				CLANG_WARN_BLOCK_CAPTURE_AUTORELEASING = YES;
				CLANG_WARN_BOOL_CONVERSION = YES;
				CLANG_WARN_COMMA = YES;
				CLANG_WARN_CONSTANT_CONVERSION = YES;
				CLANG_WARN_DIRECT_OBJC_ISA_USAGE = YES_ERROR;
				CLANG_WARN_DOCUMENTATION_COMMENTS = YES;
				CLANG_WARN_EMPTY_BODY = YES;
				CLANG_WARN_ENUM_CONVERSION = YES;
				CLANG_WARN_INFINITE_RECURSION = YES;
				CLANG_WARN_INT_CONVERSION = YES;
				CLANG_WARN_NON_LITERAL_NULL_CONVERSION = YES;
				CLANG_WARN_OBJC_LITERAL_CONVERSION = YES;
				CLANG_WARN_OBJC_ROOT_CLASS = YES_ERROR;
				CLANG_WARN_RANGE_LOOP_ANALYSIS = YES;
				CLANG_WARN_STRICT_PROTOTYPES = YES;
				CLANG_WARN_SUSPICIOUS_MOVE = YES;
				CLANG_WARN_UNGUARDED_AVAILABILITY = YES_AGGRESSIVE;
				CLANG_WARN_UNREACHABLE_CODE = YES;
				CLANG_WARN__DUPLICATE_METHOD_MATCH = YES;
				CODE_SIGN_IDENTITY = "iPhone Developer";
				COPY_PHASE_STRIP = NO;
				DEBUG_INFORMATION_FORMAT = dwarf;
				ENABLE_STRICT_OBJC_MSGSEND = YES;
				ENABLE_TESTABILITY = YES;
				GCC_C_LANGUAGE_STANDARD = gnu11;
				GCC_DYNAMIC_NO_PIC = NO;
				GCC_NO_COMMON_BLOCKS = YES;
				GCC_OPTIMIZATION_LEVEL = 0;
				GCC_PREPROCESSOR_DEFINITIONS = (
					"DEBUG=1",
					"$(inherited)",
				);
				GCC_WARN_64_TO_32_BIT_CONVERSION = YES;
				GCC_WARN_ABOUT_RETURN_TYPE = YES_ERROR;
				GCC_WARN_UNDECLARED_SELECTOR = YES;
				GCC_WARN_UNINITIALIZED_AUTOS = YES_AGGRESSIVE;
				GCC_WARN_UNUSED_FUNCTION = YES;
				GCC_WARN_UNUSED_VARIABLE = YES;
				IPHONEOS_DEPLOYMENT_TARGET = 11.2;
				MTL_ENABLE_DEBUG_INFO = YES;
				ONLY_ACTIVE_ARCH = YES;
				SDKROOT = iphoneos;
				SWIFT_ACTIVE_COMPILATION_CONDITIONS = DEBUG;
				SWIFT_OPTIMIZATION_LEVEL = "-Onone";
			};
			name = Debug;
		};
		40045D8823434E940091FF44 /* Release */ = {
			isa = XCBuildConfiguration;
			buildSettings = {
				ALWAYS_SEARCH_USER_PATHS = NO;
				CLANG_ANALYZER_NONNULL = YES;
				CLANG_ANALYZER_NUMBER_OBJECT_CONVERSION = YES_AGGRESSIVE;
				CLANG_CXX_LANGUAGE_STANDARD = "gnu++14";
				CLANG_CXX_LIBRARY = "libc++";
				CLANG_ENABLE_MODULES = YES;
				CLANG_ENABLE_OBJC_ARC = YES;
				CLANG_WARN_BLOCK_CAPTURE_AUTORELEASING = YES;
				CLANG_WARN_BOOL_CONVERSION = YES;
				CLANG_WARN_COMMA = YES;
				CLANG_WARN_CONSTANT_CONVERSION = YES;
				CLANG_WARN_DIRECT_OBJC_ISA_USAGE = YES_ERROR;
				CLANG_WARN_DOCUMENTATION_COMMENTS = YES;
				CLANG_WARN_EMPTY_BODY = YES;
				CLANG_WARN_ENUM_CONVERSION = YES;
				CLANG_WARN_INFINITE_RECURSION = YES;
				CLANG_WARN_INT_CONVERSION = YES;
				CLANG_WARN_NON_LITERAL_NULL_CONVERSION = YES;
				CLANG_WARN_OBJC_LITERAL_CONVERSION = YES;
				CLANG_WARN_OBJC_ROOT_CLASS = YES_ERROR;
				CLANG_WARN_RANGE_LOOP_ANALYSIS = YES;
				CLANG_WARN_STRICT_PROTOTYPES = YES;
				CLANG_WARN_SUSPICIOUS_MOVE = YES;
				CLANG_WARN_UNGUARDED_AVAILABILITY = YES_AGGRESSIVE;
				CLANG_WARN_UNREACHABLE_CODE = YES;
				CLANG_WARN__DUPLICATE_METHOD_MATCH = YES;
				CODE_SIGN_IDENTITY = "iPhone Developer";
				COPY_PHASE_STRIP = NO;
				DEBUG_INFORMATION_FORMAT = "dwarf-with-dsym";
				ENABLE_NS_ASSERTIONS = NO;
				ENABLE_STRICT_OBJC_MSGSEND = YES;
				GCC_C_LANGUAGE_STANDARD = gnu11;
				GCC_NO_COMMON_BLOCKS = YES;
				GCC_WARN_64_TO_32_BIT_CONVERSION = YES;
				GCC_WARN_ABOUT_RETURN_TYPE = YES_ERROR;
				GCC_WARN_UNDECLARED_SELECTOR = YES;
				GCC_WARN_UNINITIALIZED_AUTOS = YES_AGGRESSIVE;
				GCC_WARN_UNUSED_FUNCTION = YES;
				GCC_WARN_UNUSED_VARIABLE = YES;
				IPHONEOS_DEPLOYMENT_TARGET = 11.2;
				MTL_ENABLE_DEBUG_INFO = NO;
				SDKROOT = iphoneos;
				SWIFT_OPTIMIZATION_LEVEL = "-Owholemodule";
				VALIDATE_PRODUCT = YES;
			};
			name = Release;
		};
		40045D8A23434E940091FF44 /* Debug */ = {
			isa = XCBuildConfiguration;
			buildSettings = {
				ASSETCATALOG_COMPILER_APPICON_NAME = AppIcon;
				CODE_SIGN_STYLE = Automatic;
				INFOPLIST_FILE = lab3/Info.plist;
				LD_RUNPATH_SEARCH_PATHS = "$(inherited) @executable_path/Frameworks";
				PRODUCT_BUNDLE_IDENTIFIER = abc.lab3;
				PRODUCT_NAME = "$(TARGET_NAME)";
				SWIFT_VERSION = 4.0;
				TARGETED_DEVICE_FAMILY = "1,2";
			};
			name = Debug;
		};
		40045D8B23434E940091FF44 /* Release */ = {
			isa = XCBuildConfiguration;
			buildSettings = {
				ASSETCATALOG_COMPILER_APPICON_NAME = AppIcon;
				CODE_SIGN_STYLE = Automatic;
				INFOPLIST_FILE = lab3/Info.plist;
				LD_RUNPATH_SEARCH_PATHS = "$(inherited) @executable_path/Frameworks";
				PRODUCT_BUNDLE_IDENTIFIER = abc.lab3;
				PRODUCT_NAME = "$(TARGET_NAME)";
				SWIFT_VERSION = 4.0;
				TARGETED_DEVICE_FAMILY = "1,2";
			};
			name = Release;
		};
		40045D8D23434E940091FF44 /* Debug */ = {
			isa = XCBuildConfiguration;
			buildSettings = {
				ALWAYS_EMBED_SWIFT_STANDARD_LIBRARIES = YES;
				BUNDLE_LOADER = "$(TEST_HOST)";
				CODE_SIGN_STYLE = Automatic;
				INFOPLIST_FILE = lab3Tests/Info.plist;
				LD_RUNPATH_SEARCH_PATHS = "$(inherited) @executable_path/Frameworks @loader_path/Frameworks";
				PRODUCT_BUNDLE_IDENTIFIER = abc.lab3Tests;
				PRODUCT_NAME = "$(TARGET_NAME)";
				SWIFT_VERSION = 4.0;
				TARGETED_DEVICE_FAMILY = "1,2";
				TEST_HOST = "$(BUILT_PRODUCTS_DIR)/lab3.app/lab3";
			};
			name = Debug;
		};
		40045D8E23434E940091FF44 /* Release */ = {
			isa = XCBuildConfiguration;
			buildSettings = {
				ALWAYS_EMBED_SWIFT_STANDARD_LIBRARIES = YES;
				BUNDLE_LOADER = "$(TEST_HOST)";
				CODE_SIGN_STYLE = Automatic;
				INFOPLIST_FILE = lab3Tests/Info.plist;
				LD_RUNPATH_SEARCH_PATHS = "$(inherited) @executable_path/Frameworks @loader_path/Frameworks";
				PRODUCT_BUNDLE_IDENTIFIER = abc.lab3Tests;
				PRODUCT_NAME = "$(TARGET_NAME)";
				SWIFT_VERSION = 4.0;
				TARGETED_DEVICE_FAMILY = "1,2";
				TEST_HOST = "$(BUILT_PRODUCTS_DIR)/lab3.app/lab3";
			};
			name = Release;
		};
		40045D9023434E940091FF44 /* Debug */ = {
			isa = XCBuildConfiguration;
			buildSettings = {
				ALWAYS_EMBED_SWIFT_STANDARD_LIBRARIES = YES;
				CODE_SIGN_STYLE = Automatic;
				INFOPLIST_FILE = lab3UITests/Info.plist;
				LD_RUNPATH_SEARCH_PATHS = "$(inherited) @executable_path/Frameworks @loader_path/Frameworks";
				PRODUCT_BUNDLE_IDENTIFIER = abc.lab3UITests;
				PRODUCT_NAME = "$(TARGET_NAME)";
				SWIFT_VERSION = 4.0;
				TARGETED_DEVICE_FAMILY = "1,2";
				TEST_TARGET_NAME = lab3;
			};
			name = Debug;
		};
		40045D9123434E940091FF44 /* Release */ = {
			isa = XCBuildConfiguration;
			buildSettings = {
				ALWAYS_EMBED_SWIFT_STANDARD_LIBRARIES = YES;
				CODE_SIGN_STYLE = Automatic;
				INFOPLIST_FILE = lab3UITests/Info.plist;
				LD_RUNPATH_SEARCH_PATHS = "$(inherited) @executable_path/Frameworks @loader_path/Frameworks";
				PRODUCT_BUNDLE_IDENTIFIER = abc.lab3UITests;
				PRODUCT_NAME = "$(TARGET_NAME)";
				SWIFT_VERSION = 4.0;
				TARGETED_DEVICE_FAMILY = "1,2";
				TEST_TARGET_NAME = lab3;
			};
			name = Release;
		};
/* End XCBuildConfiguration section */

/* Begin XCConfigurationList section */
		40045D5C23434E930091FF44 /* Build configuration list for PBXProject "lab3" */ = {
			isa = XCConfigurationList;
			buildConfigurations = (
				40045D8723434E940091FF44 /* Debug */,
				40045D8823434E940091FF44 /* Release */,
			);
			defaultConfigurationIsVisible = 0;
			defaultConfigurationName = Release;
		};
		40045D8923434E940091FF44 /* Build configuration list for PBXNativeTarget "lab3" */ = {
			isa = XCConfigurationList;
			buildConfigurations = (
				40045D8A23434E940091FF44 /* Debug */,
				40045D8B23434E940091FF44 /* Release */,
			);
			defaultConfigurationIsVisible = 0;
			defaultConfigurationName = Release;
		};
		40045D8C23434E940091FF44 /* Build configuration list for PBXNativeTarget "lab3Tests" */ = {
			isa = XCConfigurationList;
			buildConfigurations = (
				40045D8D23434E940091FF44 /* Debug */,
				40045D8E23434E940091FF44 /* Release */,
			);
			defaultConfigurationIsVisible = 0;
			defaultConfigurationName = Release;
		};
		40045D8F23434E940091FF44 /* Build configuration list for PBXNativeTarget "lab3UITests" */ = {
			isa = XCConfigurationList;
			buildConfigurations = (
				40045D9023434E940091FF44 /* Debug */,
				40045D9123434E940091FF44 /* Release */,
			);
			defaultConfigurationIsVisible = 0;
			defaultConfigurationName = Release;
		};
/* End XCConfigurationList section */
	};
	rootObject = 40045D5923434E930091FF44 /* Project object */;
}
